
Microsoft Visual Studio Solution File, Format Version 12.00
# Visual Studio Version 17
VisualStudioVersion = 17.5.33516.290
MinimumVisualStudioVersion = 10.0.40219.1
Project("{FAE04EC0-301F-11D3-BF4B-00C04F79EFBC}") = "CSVTools", "CSVTools.csproj", "{3CD20509-080E-4C85-8E9E-D1F2849103D3}"
EndProject
Project("{FAE04EC0-301F-11D3-BF4B-00C04F79EFBC}") = "CSVToolsTestLauncher", "..\Launcher\CSVToolsTestLauncher\CSVToolsTestLauncher.csproj", "{BC14EAFD-E83E-4A5C-80E0-ACF9B4AEE950}"
EndProject
Global
	GlobalSection(SolutionConfigurationPlatforms) = preSolution
		Debug|Any CPU = Debug|Any CPU
		Release|Any CPU = Release|Any CPU
	EndGlobalSection
	GlobalSection(ProjectConfigurationPlatforms) = postSolution
		{3CD20509-080E-4C85-8E9E-D1F2849103D3}.Debug|Any CPU.ActiveCfg = Debug|Any CPU
		{3CD20509-080E-4C85-8E9E-D1F2849103D3}.Debug|Any CPU.Build.0 = Debug|Any CPU
		{3CD20509-080E-4C85-8E9E-D1F2849103D3}.Release|Any CPU.ActiveCfg = Release|Any CPU
		{3CD20509-080E-4C85-8E9E-D1F2849103D3}.Release|Any CPU.Build.0 = Release|Any CPU
		{BC14EAFD-E83E-4A5C-80E0-ACF9B4AEE950}.Debug|Any CPU.ActiveCfg = Debug|Any CPU
		{BC14EAFD-E83E-4A5C-80E0-ACF9B4AEE950}.Debug|Any CPU.Build.0 = Debug|Any CPU
		{BC14EAFD-E83E-4A5C-80E0-ACF9B4AEE950}.Release|Any CPU.ActiveCfg = Release|Any CPU
		{BC14EAFD-E83E-4A5C-80E0-ACF9B4AEE950}.Release|Any CPU.Build.0 = Release|Any CPU
	EndGlobalSection
	GlobalSection(SolutionProperties) = preSolution
		HideSolutionNode = FALSE
	EndGlobalSection
	GlobalSection(ExtensibilityGlobals) = postSolution
		SolutionGuid = {B417F2A0-3EDC-4EF7-9256-49EBF4AE2B4A}
	EndGlobalSection
EndGlobal
